{
  "requires": true,
  "lockfileVersion": 1,
  "dependencies": {
    "angular2": {
      "version": "2.0.0-beta.0",
      "resolved": "https://registry.npmjs.org/angular2/-/angular2-2.0.0-beta.0.tgz",
      "integrity": "sha1-l0E/q8Hq8VR6CBujrUxhcy21SDc="
    },
    "es6-promise": {
      "version": "3.3.1",
      "resolved": "https://registry.npmjs.org/es6-promise/-/es6-promise-3.3.1.tgz",
      "integrity": "sha1-oIzd6EzNvzTQJ6FFG8kdS80ophM="
    },
    "es6-shim": {
      "version": "0.33.13",
      "resolved": "https://registry.npmjs.org/es6-shim/-/es6-shim-0.33.13.tgz",
      "integrity": "sha1-iU+4PSwuk3jI7CNlnytiso+ZQiU="
    },
    "ng2-slugify": {
      "version": "0.1.0",
      "resolved": "https://registry.npmjs.org/ng2-slugify/-/ng2-slugify-0.1.0.tgz",
      "integrity": "sha1-SmTQgtBf03rHyZMyig0kB6yQAU4=",
      "requires": {
        "angular2": "2.0.0-beta.0",
        "es6-promise": "3.3.1",
        "es6-shim": "0.33.13",
        "reflect-metadata": "0.1.2",
        "rxjs": "5.0.0-beta.0",
        "zone.js": "0.5.10"
      }
    },
    "ngx-ckeditor": {
      "version": "0.3.2",
      "resolved": "https://registry.npmjs.org/ngx-ckeditor/-/ngx-ckeditor-0.3.2.tgz",
      "integrity": "sha1-/CoLn3JBSlzhkquGoN7x1cP/OAc="
    },
    "reflect-metadata": {
      "version": "0.1.2",
      "resolved": "https://registry.npmjs.org/reflect-metadata/-/reflect-metadata-0.1.2.tgz",
      "integrity": "sha1-6iPlgj3IMPKSgivT2puJ/Ve/+wM="
    },
    "rxjs": {
      "version": "5.0.0-beta.0",
      "resolved": "https://registry.npmjs.org/rxjs/-/rxjs-5.0.0-beta.0.tgz",
      "integrity": "sha1-GUWsWqxm0zhFbAwKZqkdiK6BQQ8="
    },
    "zone.js": {
      "version": "0.5.10",
      "resolved": "https://registry.npmjs.org/zone.js/-/zone.js-0.5.10.tgz",
      "integrity": "sha1-Bbyc8DTxInjHoiPgIdELNP2s+4E=",
      "requires": {
        "es6-promise": "3.3.1"
      }
    }
  }
}
